<mxfile host="app.diagrams.net" modified="2021-12-27T20:46:26.932Z" agent="5.0 (X11; Linux x86_64) AppleWebKit/537.36 (KHTML, like Gecko) Chrome/96.0.4664.110 Safari/537.36" etag="ZYy2TmffhrSErCn17IVg" version="16.0.0" type="device"><diagram id="C5RBs43oDa-KdzZeNtuy" name="Page-1">7VpRc5s4EP41nrl7cAYEMvgxtpO016bn1mnS3EtGBhnTAHIBx3Z//UkgMBKyYzvGSe9KZmJYCQntfrv7aaFl9MPlVYxm02vi4qAFNHfZMgYtAGyzS/8zwYoLIMgFXuy7uUhfC0b+T8yFGpfOfRcnQseUkCD1Z6LQIVGEnVSQoTgmC7HbhATirDPk4Zpg5KCgLr3z3XTKVwGstfwd9r1pMbPe4QsOUdGZrySZIpcsKiLjomX0Y0LS/Cxc9nHAdFfo5e796i74+Ni5+utz8gN97X24+XTbzge73OeWcgkxjtLDh4a9/sfg4ftsBeb3l5+GH/zHKb9Fe0LBnOurBToBnaQ3IXQuuuh0xTXZ+TEnRUM7yex8Tjvo9my5bqRnHv/NRhkXgtHNtQEuTc26vSra6KOO5f5Ulk9ciIHwDCAm88jFbEU6bV5M/RSPZshhrQsKXyqbpmHAmyd+EPRJQOLsXsOF2HZNKk/SmDziSosNxkanU873rKK5QZ5wnOJlBWZc8VeYhDiNV7QLbwUWVzR3Ir3DrxdrSJYeM63AERQdEXcDrxx7bWp6wq29h+WBwvKSsingZ+x0EuDlOXNFqiEcufx04AQoSXwnUyiK07q4Yoq13TQOIR4pdDsblK7oG2s8gwYsBPes+UzTjEIwWPL786tV9WqIY58qBsfFFKLtx8ixXUNle2CYJnT3tj1dsYfTLfrldsOuEJ7qCKkgQNcUCCiFMQ5Q6j+JYU0FCz7HkPiZB3MIUpALEISahKyEzGMH87uqcUQeqCti2YTSQLlqagNlKC0XfjhwjRpw+39fU8GQxGkNwtQ/UxGJKPC9iMGUmpmhpce82Kf54pw3hL7rstt7MaZRDo2zoRikZmxF2RphrwUHbKx5ShKO4xq2IhJhCYiFSIL/qaKOadajjhJzRlNBB9Zs9x70jd9Wq1oN6lKu6NatBk9pNOstZYqln37jPdn5fZY0gFFcr1MEu1hVLk6dIPJw+gslCNgRcQe6ByYIKCWIkkCfKEHYL+e05k6ctnd9AWytFMeF/KYF6JNr79iSI5elptNRXslfJJRPbAc7jgrlYxuyRN5gWJNQoVtwt2Rkw4biml7f/Nyg5JFKIhTmSOigkCk4GifsZ8SC18M4xLnVhbZfL4eZTRobSsaGCuZhq/Y7TSUxXa8Z+wt2MAuXQHNRilhtISYh/SncOnde2bllw6c5ZKjJ8oDPCgcR8nCIs1jjRxMShzQuk+g3RARyakIBIuV+pLol7iggYh4BIvbX2wHsPt09/vP5yXSj3oU3wFtqIbWY/bJEcn5tAA1sjP+qVLExJ2h7l0EmkP3xZ63I80OVGzrZccLcYCiw0N1GfY6OhR2qI0fht+vKR7XqoZ2VRZBNNY+CB59puiFwYcsw9+bCzTDbaolkm8Ptw4BVGx94HP5ryrtlORftzH+BhGarMf6rVGu9QDLsF6Z748mnqQBTVj4KkygqIWZDdERpI3NjrklmKFKmFidXFUsrsTf+gxGUfJ9ROfuTnTI1alkimqDQD1b5PSVvYaGehYgpDp4ws2+tRRxEzmZCW/6UrDFiNCcQmxdclazdzJ8zawxwShHWpkt1/MhT3s/g2eaIZM0clEKzTwNpxIfXKo+WNaYxihLGvYrhI1x2WJDYFWev3j5GzqOXhem2pHNg2qWuAXsxVpzDiuZdP5kFiGvdjwK/MvEkICitPpBMDXbZgJxf0wRZpQ85ZDZQBe7ne+wbT7kxAKpdoCrVH6O61Z5ZNzCZfkQfJuPvw+TeCi+9XVjfiEq1PorZVj4k7jzAij0/gxsFadbHd2JCf9l9cj8DXI2Vm4p9SN8B774QtifKjX/HsfF4Us5XM+WuKNhoct08sym5Lw9gCAhQlTd1oCJ7jUGgvjXcjexV1F3wMc7cCja2lYkp2c9hNGwzsl+LTbXhmW5214dliQn4UHJlyWgSwSS/Lj0e1VKquL5NoOFMu32DZKsp77a7W+2hqPsYDfEspYHqXPhIrr39hcN/2rWfCeiGHKeP49qGXPdp2LXrDP3q0+B/5NjPWMM43QZKaZ76m+SabRp7KVkWbdpa9fMU/i7SfKZ0s6kct7nstuGlJ9wagpRfxbwwLu360csR4lejrzrbJZd8KR1pWxLPsYVxd331ScGHVpVuPBQ0ENY6Nb8ZDd/Xfef149rG6lADOxSb+XHlkHYo1ivHOtUL7T1JjBTAlAFlh3hSBD1dl8rV8KCP9E5Ck8SwpezXfVU6JZVEDP3AWCR/7gVs+6SMqVuDaX/0MBo89M+/vEXidMIAU7OMueO3DweEFHq5/iQ9N+36u37j4l8=</diagram></mxfile>