<mxfile host="app.diagrams.net" modified="2021-12-27T20:28:28.182Z" agent="5.0 (X11; Linux x86_64) AppleWebKit/537.36 (KHTML, like Gecko) Chrome/96.0.4664.110 Safari/537.36" etag="AyikI9QxmXiHoHlzaZQm" version="16.0.0" type="device"><diagram id="C5RBs43oDa-KdzZeNtuy" name="Page-1">7VpRc5s4EP41nrl7cAYEMvgxtpO016bn1mnS3EtGBhnTAHIBx3Z//UkgMEiyYzvGSe9KZmLYFRLa/bT7aaFl9MPlVYxm02vi4qAFNHfZMgYtAEwb0v9MsCoEVi7wYt/NRfpaMPJ/Yi7UuHTuuzipNUwJCVJ/Vhc6JIqwk9ZkKI7Jot5sQoL6qDPkYUkwclAgS+98N53mUhtYa/k77HvTYmS90801ISoa85kkU+SSRUVkXLSMfkxImp+Fyz4OmO0Ku9y9X90FHx87V399Tn6gr70PN59u23lnl/vcUk4hxlF6eNew1/8YPHyfrcD8/vLT8IP/OOW3aE8omHN7tUAnoIP0JoSORSedrrglOz/mpFC0k8zP57SBbs+WayU98/hv1su4EIxurg1waWrW7VWho486FttTWT5wIQa1ZwAxmUcuZjPSqXox9VM8miGHaRcUvlQ2TcOAqyd+EPRJQOLsXsOF2HZNKk/SmDziisYGY6PTKcd71tDcIU84TvGyAjNu+CtMQpzGK9qEa4HFDc0Xkd7h14s1JMsVM63AERQNEV8GXtn32tX0hHt7D88DhecFY1PAz9jpJMDLc7YUqYVw5PLTgROgJPGdzKAoTmVxxRVrv2kcQjxS6HbWKZ3RN6Y8gwYsBPdMfaZpRiEYLPn9+dWqejXEsU8Ng+NiiLrvx8ixXUPle2CYJnT39j2dsYfTLfblfsNuLTzJCKkgQNcUCCiFMQ5Q6j/Vw5oKFnyMIfGzFcwhSEFegyDUBGQlZB47mN9VjSNiR906lk0odJSbRuooQ2k58cOBa0jA7f99TQVDEqcShOn6TOtIRIHvRQym1M0MLT22in2aL865IvRdl93eizGNcmicdcUgNWMzyuYIey04YH3NU5JwHEvYikiEBSAWIgH+p4o6pilHHSXmjKaCDpR89x70jd9eq3oN6kKu6Mpeg6d0mvWWMsXST7/xluz8PksawCiu1ymCXawqF6dOEHk4/YUSBOzUcQe6ByYIKCSIkkCfKEHYL+e05k6ctnd9AWytFMeF/KYF6JNr79iUI5elptNRXmG9CCif2A52HBXKxzZkibzBsCagQrfgbsmo2IAePa7p8ubnBiWPVBKhMEdCB4XMwNE4YT8jFrwexiHOvV7T/Xo5zGzS2VBwNlQwD1u132kqiem65Owv2MEsXALNRSlitYWYhPSnWNb54hUXt+j4NIcMdVke8FnhIEIeDnEWa/xoQuKQxmUS/YZIjZyasAaRcj9S3RJ3FBAxjwAR++vtAHaf7h7/+fxkulHvwhvgLbUQKWa/LJGcXxtAAxvjvypVbMwJ2t5lkAlkf/xZK/L8UOWGTnacMDcYCix0t1Gfo2Nhh+rIUfjtuvJRrXpoZ2URZFPNo+DBZ5pu1LiwZZh7c+FmmG21RLJtwe3DgFUbH3gc/muKu2UxF+3Mf4GAZqsx/qs0q1wgGfYL173x5NNUgCkrH4VLFJUQsyE6ovSRuTHXJDMUKVOLk5uKpZXYG//BCEq+z6ic/clOmRm1LBFNUOgHq/yekrewUM9CxBQHT5j5V9LUOxGzWU2XPyVTRozmBHX1gpuS6c38OTNlgFOKsDadquNHnvJ+Bs82RyRTc1DW1D4NpBHvXqs8WqZMYxQljHsV3Ue4bLAgsVsfvXr7GDmPXham24LNgWmXtgZmd30OK5Z3/WQWIG51Pwr8ysCTgKC0+kAiNdhlA3J+TRNklT7kkNlAFfg632PfeMqNAVDtAlWp/hjVrfbMuoHJ9CP6MBl/Hyb3Vnjp7cL6RlSq9VHMtvIhcecBVuz5GdwoSLM2vhMT+svuE9sZ4Gqs3FTsQ/oOePeFsD1Rbvw7jo3Hk3I8yZW7omCjy3XzzKbkvjyAUUOAqrypAxXZawwC8tZwN7JXMXfBxzhzK9jYViamZD+H0bDNyH4tNtWGZ7rZXR+WVU/Ah5IrS0RTHUzi69LjUS2lieVtAg1n2u0bJFtNrW67u9UfirqP0RDPUjpI5sJHWtrbXzj8p5f2MwHdEOP0cZa2IdZ9Gl7aMkO/+jT4Hy3sZ7xhnG4DpXSP/CZZ8k1jLyXLok1bq36ewt9Fms+UbjaV4zaX3Ta89IRbQ5Dyq5gXxqVdP3o5Qvxq9FVnu+SSL6UjbUvgOXat311ffVLwoVWlGQ8FDYS1jrRuRsP38tp5/bi2sTrUwA7FZuu4cgg7FOuVY53qhfaeJEYIYMqAskM8KYKergvlanjQR3onoUn1sKVs131VOiWURAz9wFgkfu4FbPukjKkrwbQ/ehgNHvrnX94icTphgJE8Y+747cMBIYVerj9Jz127/q7fuPgX</diagram></mxfile>