<mxfile host="app.diagrams.net" modified="2021-12-17T19:02:40.955Z" agent="5.0 (X11; Linux x86_64) AppleWebKit/537.36 (KHTML, like Gecko) Chrome/96.0.4664.93 Safari/537.36" etag="TMcNncBZI7nKBszBtIMM" version="15.5.8" type="device"><diagram id="C5RBs43oDa-KdzZeNtuy" name="Page-1">7Vlbc9o4FP41zHQfkrFly5jHAEnabemmmzRp9qUjbGG0yBaVxW1//UqWfDcppCHTzpTMBOkcXc/36Zwj0XNG8faao+V8wkJMe8AKtz1n3ANg4LjyvxLstAA6Ay2IOAm1yC4Ft+Q/bISWka5IiNNaQ8EYFWRZFwYsSXAgajLEOdvUm80Yrc+6RBFuCW4DRNvSBxKKuZb6oF/K32ISzfOZbc/sL0Z5Y7OTdI5CtqmInMueM+KMCV2KtyNMle1yuzy82z3QDwvv+s9P6Tf0efj+7uP9mR7s6pguxRY4TsTzh4bD0Qf69d/lDqwerz7evCeLuelirRFdGXv1gEflJMMZk3PJTYudsaT3bcVyxVma4XwhG9j+clsqZSky39ko01xwezdxwJVr9e+vc51c6rTZXsr0xLkY1NYAOFslIVY7sqV6MycC3y5RoLQbSV8pm4uYGvWMUDpilPGsrxNC7IeulKeCswWuaHwwdTyvmO+7hjaArDEXeFuhmTH8NWYxFnwnmxgt6BtDm0Nke6a+KSlZnJh5hY4gb4jMMYiKsUuoZcGgfQTyoAP5hrEl4ZeqOKN4e6GOorQQTkJTHAcUpSkJMoMiLtriChQlbpahkPEUtp8NKnf0RSnPoQNzwaNSn1uWkwvGW9Nf13bV2g3mRBoG83yKOvZTFPih04U9cFwXhkdjL3ccYfGEfQ1uOKy5pzZDKgywrQ4GFEKOKRJkXXdrXbQwc9wwkp1gQ0FJ8hoFodVgVspWPMCmV9WPNAca1LnswsZA2jStgTKWFht/PnGdFnFHf02k4IZx0aKwPJ+izkRESZQomkqYFVuG6hQTGS8ujCImYai6DzmWXg5Ns6EUpZZqR9ke4bAHx2qslWCp4XGLWwlLcIOIuahB/9fyOq7b9jqdnHNO5XRgC7t3YOT8Rq2KGrQbsWLQRg2+Jmj9nylSbIn4Ylqq8mMWNICT18sQoSq7SuW1A4R2p79QgIBenXdg8MwAARsBokigXylA+D+e07oH5bTDySXwrULMc/ldD8iVW2/VlpNQhabXS3kb56XB8pkf4CDoYvnUhyqQn9CtNVhh9+FhwciHJ/Jrdvvyc4fShZQkKNZM8FCsDJxMU/V1q5zX12mMNeo13a8Xw9xTgg0bYMOOzMPvuu+cKojZdgvsv3GAlbsEVogEUm8LnMXyKz/W+vA2D3cTeKEpIyHTDl89HCQowjHOfA1JZozH0i+z5DdFasmpC2sUKe4j1Sux10ER9wUo4n++H8PB+mHxz6e1GybDy2iMn3gLafnsHwskFxMHWGCv/+8KFXtjgnX0M8gMqj+z1opcf7pig5d9inW0MD6UHgfHBqeDC4OnUp8X58IBryMvkt+WLx/VVw/rvHgE2ffmkefB55bt1HLhvuMenQt3ZqIvn+pW30z2n8AnM+Cuiw98mfzXbd6Wm7Ho4PwXNNjcP1n+22nF9gPJzShH6icPPqdyMMXLRw5Jx0uIe6J0pBMjd2+sSZco6QwtgTaVCis8mr5RCYq+Z1RKf6iiMqOVBaIZignd6T5F3qJcvXIRc0zXWOHb0tQHaUazmk6vUikTlebQunpjTKn0rl5npqRYSIadya0GJIk6+yt6nhlGKrUhZU1NpCNNzPBWZWmZUnCUpCr3yodPcNFgw3hYn73afYqCRZS56bOGzYHrF7YG7qAsw4rlQ5IuKTJWJwkllYlnlCFRXVAzNTjkAnIxkQGymj5oyuxJFcw5P+Le6J7wIDYvBqDrFtgV6p/xuiWr5Y9z2rmWv3A6l/8D</diagram></mxfile>